
Microsoft Visual Studio Solution File, Format Version 12.00
# Visual Studio 15
VisualStudioVersion = 15.0.27703.2035
MinimumVisualStudioVersion = 10.0.40219.1
Project("{FAE04EC0-301F-11D3-BF4B-00C04F79EFBC}") = "PartInv", "PartInv\PartInv.csproj", "{2218891A-AE69-4F6A-AEAC-9D3983A5ED18}"
EndProject
Global
	GlobalSection(SolutionConfigurationPlatforms) = preSolution
		Debug|Any CPU = Debug|Any CPU
		Release|Any CPU = Release|Any CPU
	EndGlobalSection
	GlobalSection(ProjectConfigurationPlatforms) = postSolution
		{2218891A-AE69-4F6A-AEAC-9D3983A5ED18}.Debug|Any CPU.ActiveCfg = Debug|Any CPU
		{2218891A-AE69-4F6A-AEAC-9D3983A5ED18}.Debug|Any CPU.Build.0 = Debug|Any CPU
		{2218891A-AE69-4F6A-AEAC-9D3983A5ED18}.Release|Any CPU.ActiveCfg = Release|Any CPU
		{2218891A-AE69-4F6A-AEAC-9D3983A5ED18}.Release|Any CPU.Build.0 = Release|Any CPU
	EndGlobalSection
	GlobalSection(SolutionProperties) = preSolution
		HideSolutionNode = FALSE
	EndGlobalSection
	GlobalSection(ExtensibilityGlobals) = postSolution
		SolutionGuid = {0FCCFCE0-AF5F-4054-94D8-61DAABD025F6}
	EndGlobalSection
EndGlobal
